
Microsoft Visual Studio Solution File, Format Version 12.00
# Visual Studio 15
Project("{FAE04EC0-301F-11D3-BF4B-00C04F79EFBC}") = "Assembly-CSharp-Editor", "Assembly-CSharp-Editor.csproj", "{A37362A6-0B52-F8F2-F110-A8736FE3A6E6}"
EndProject
Project("{FAE04EC0-301F-11D3-BF4B-00C04F79EFBC}") = "Assembly-CSharp", "Assembly-CSharp.csproj", "{9509536A-D766-F07C-05EF-696C4160E01F}"
EndProject
Global
	GlobalSection(SolutionConfigurationPlatforms) = preSolution
		Debug|Any CPU = Debug|Any CPU
		Release|Any CPU = Release|Any CPU
	EndGlobalSection
	GlobalSection(ProjectConfigurationPlatforms) = postSolution
		{A37362A6-0B52-F8F2-F110-A8736FE3A6E6}.Debug|Any CPU.ActiveCfg = Debug|Any CPU
		{A37362A6-0B52-F8F2-F110-A8736FE3A6E6}.Debug|Any CPU.Build.0 = Debug|Any CPU
		{A37362A6-0B52-F8F2-F110-A8736FE3A6E6}.Release|Any CPU.ActiveCfg = Release|Any CPU
		{A37362A6-0B52-F8F2-F110-A8736FE3A6E6}.Release|Any CPU.Build.0 = Release|Any CPU
		{9509536A-D766-F07C-05EF-696C4160E01F}.Debug|Any CPU.ActiveCfg = Debug|Any CPU
		{9509536A-D766-F07C-05EF-696C4160E01F}.Debug|Any CPU.Build.0 = Debug|Any CPU
		{9509536A-D766-F07C-05EF-696C4160E01F}.Release|Any CPU.ActiveCfg = Release|Any CPU
		{9509536A-D766-F07C-05EF-696C4160E01F}.Release|Any CPU.Build.0 = Release|Any CPU
	EndGlobalSection
	GlobalSection(SolutionProperties) = preSolution
		HideSolutionNode = FALSE
	EndGlobalSection
EndGlobal
